
Microsoft Visual Studio Solution File, Format Version 12.00
# Visual Studio 15
VisualStudioVersion = 15.0.26124.0
MinimumVisualStudioVersion = 15.0.26124.0
Project("{FAE04EC0-301F-11D3-BF4B-00C04F79EFBC}") = "ApplicationCore", "ApplicationCore\ApplicationCore.csproj", "{CE5B7FDE-3CA4-4AD1-91A2-039E0C2C4FFC}"
EndProject
Project("{FAE04EC0-301F-11D3-BF4B-00C04F79EFBC}") = "Infrastructure", "Infrastructure\Infrastructure.csproj", "{A986233B-72F5-47C3-A83E-6C5CA99E8320}"
EndProject
Project("{FAE04EC0-301F-11D3-BF4B-00C04F79EFBC}") = "RazorSample", "RazorSample\RazorSample.csproj", "{D7F377E6-AEC0-49ED-A9C1-1CAEF1A378D9}"
EndProject
Global
	GlobalSection(SolutionConfigurationPlatforms) = preSolution
		Debug|Any CPU = Debug|Any CPU
		Debug|x64 = Debug|x64
		Debug|x86 = Debug|x86
		Release|Any CPU = Release|Any CPU
		Release|x64 = Release|x64
		Release|x86 = Release|x86
	EndGlobalSection
	GlobalSection(SolutionProperties) = preSolution
		HideSolutionNode = FALSE
	EndGlobalSection
	GlobalSection(ProjectConfigurationPlatforms) = postSolution
		{CE5B7FDE-3CA4-4AD1-91A2-039E0C2C4FFC}.Debug|Any CPU.ActiveCfg = Debug|Any CPU
		{CE5B7FDE-3CA4-4AD1-91A2-039E0C2C4FFC}.Debug|Any CPU.Build.0 = Debug|Any CPU
		{CE5B7FDE-3CA4-4AD1-91A2-039E0C2C4FFC}.Debug|x64.ActiveCfg = Debug|Any CPU
		{CE5B7FDE-3CA4-4AD1-91A2-039E0C2C4FFC}.Debug|x64.Build.0 = Debug|Any CPU
		{CE5B7FDE-3CA4-4AD1-91A2-039E0C2C4FFC}.Debug|x86.ActiveCfg = Debug|Any CPU
		{CE5B7FDE-3CA4-4AD1-91A2-039E0C2C4FFC}.Debug|x86.Build.0 = Debug|Any CPU
		{CE5B7FDE-3CA4-4AD1-91A2-039E0C2C4FFC}.Release|Any CPU.ActiveCfg = Release|Any CPU
		{CE5B7FDE-3CA4-4AD1-91A2-039E0C2C4FFC}.Release|Any CPU.Build.0 = Release|Any CPU
		{CE5B7FDE-3CA4-4AD1-91A2-039E0C2C4FFC}.Release|x64.ActiveCfg = Release|Any CPU
		{CE5B7FDE-3CA4-4AD1-91A2-039E0C2C4FFC}.Release|x64.Build.0 = Release|Any CPU
		{CE5B7FDE-3CA4-4AD1-91A2-039E0C2C4FFC}.Release|x86.ActiveCfg = Release|Any CPU
		{CE5B7FDE-3CA4-4AD1-91A2-039E0C2C4FFC}.Release|x86.Build.0 = Release|Any CPU
		{A986233B-72F5-47C3-A83E-6C5CA99E8320}.Debug|Any CPU.ActiveCfg = Debug|Any CPU
		{A986233B-72F5-47C3-A83E-6C5CA99E8320}.Debug|Any CPU.Build.0 = Debug|Any CPU
		{A986233B-72F5-47C3-A83E-6C5CA99E8320}.Debug|x64.ActiveCfg = Debug|Any CPU
		{A986233B-72F5-47C3-A83E-6C5CA99E8320}.Debug|x64.Build.0 = Debug|Any CPU
		{A986233B-72F5-47C3-A83E-6C5CA99E8320}.Debug|x86.ActiveCfg = Debug|Any CPU
		{A986233B-72F5-47C3-A83E-6C5CA99E8320}.Debug|x86.Build.0 = Debug|Any CPU
		{A986233B-72F5-47C3-A83E-6C5CA99E8320}.Release|Any CPU.ActiveCfg = Release|Any CPU
		{A986233B-72F5-47C3-A83E-6C5CA99E8320}.Release|Any CPU.Build.0 = Release|Any CPU
		{A986233B-72F5-47C3-A83E-6C5CA99E8320}.Release|x64.ActiveCfg = Release|Any CPU
		{A986233B-72F5-47C3-A83E-6C5CA99E8320}.Release|x64.Build.0 = Release|Any CPU
		{A986233B-72F5-47C3-A83E-6C5CA99E8320}.Release|x86.ActiveCfg = Release|Any CPU
		{A986233B-72F5-47C3-A83E-6C5CA99E8320}.Release|x86.Build.0 = Release|Any CPU
		{D7F377E6-AEC0-49ED-A9C1-1CAEF1A378D9}.Debug|Any CPU.ActiveCfg = Debug|Any CPU
		{D7F377E6-AEC0-49ED-A9C1-1CAEF1A378D9}.Debug|Any CPU.Build.0 = Debug|Any CPU
		{D7F377E6-AEC0-49ED-A9C1-1CAEF1A378D9}.Debug|x64.ActiveCfg = Debug|Any CPU
		{D7F377E6-AEC0-49ED-A9C1-1CAEF1A378D9}.Debug|x64.Build.0 = Debug|Any CPU
		{D7F377E6-AEC0-49ED-A9C1-1CAEF1A378D9}.Debug|x86.ActiveCfg = Debug|Any CPU
		{D7F377E6-AEC0-49ED-A9C1-1CAEF1A378D9}.Debug|x86.Build.0 = Debug|Any CPU
		{D7F377E6-AEC0-49ED-A9C1-1CAEF1A378D9}.Release|Any CPU.ActiveCfg = Release|Any CPU
		{D7F377E6-AEC0-49ED-A9C1-1CAEF1A378D9}.Release|Any CPU.Build.0 = Release|Any CPU
		{D7F377E6-AEC0-49ED-A9C1-1CAEF1A378D9}.Release|x64.ActiveCfg = Release|Any CPU
		{D7F377E6-AEC0-49ED-A9C1-1CAEF1A378D9}.Release|x64.Build.0 = Release|Any CPU
		{D7F377E6-AEC0-49ED-A9C1-1CAEF1A378D9}.Release|x86.ActiveCfg = Release|Any CPU
		{D7F377E6-AEC0-49ED-A9C1-1CAEF1A378D9}.Release|x86.Build.0 = Release|Any CPU
	EndGlobalSection
EndGlobal
